
Microsoft Visual Studio Solution File, Format Version 12.00
Project("{FAE04EC0-301F-11D3-BF4B-00C04F79EFBC}") = "Client", "Client\Client.csproj", "{FA8D6381-5EE8-4170-9A74-BA9900A5D06F}"
EndProject
Global
	GlobalSection(SolutionConfigurationPlatforms) = preSolution
		Debug|Any CPU = Debug|Any CPU
		Release|Any CPU = Release|Any CPU
	EndGlobalSection
	GlobalSection(ProjectConfigurationPlatforms) = postSolution
		{FA8D6381-5EE8-4170-9A74-BA9900A5D06F}.Debug|Any CPU.ActiveCfg = Debug|Any CPU
		{FA8D6381-5EE8-4170-9A74-BA9900A5D06F}.Debug|Any CPU.Build.0 = Debug|Any CPU
		{FA8D6381-5EE8-4170-9A74-BA9900A5D06F}.Release|Any CPU.ActiveCfg = Release|Any CPU
		{FA8D6381-5EE8-4170-9A74-BA9900A5D06F}.Release|Any CPU.Build.0 = Release|Any CPU
	EndGlobalSection
EndGlobal
