
Microsoft Visual Studio Solution File, Format Version 12.00
Project("{FAE04EC0-301F-11D3-BF4B-00C04F79EFBC}") = "Socket1_Server", "Socket1_Server\Socket1_Server.csproj", "{73177312-292B-42F0-ABFD-CE5B85DF8610}"
EndProject
Global
	GlobalSection(SolutionConfigurationPlatforms) = preSolution
		Debug|Any CPU = Debug|Any CPU
		Release|Any CPU = Release|Any CPU
	EndGlobalSection
	GlobalSection(ProjectConfigurationPlatforms) = postSolution
		{73177312-292B-42F0-ABFD-CE5B85DF8610}.Debug|Any CPU.ActiveCfg = Debug|Any CPU
		{73177312-292B-42F0-ABFD-CE5B85DF8610}.Debug|Any CPU.Build.0 = Debug|Any CPU
		{73177312-292B-42F0-ABFD-CE5B85DF8610}.Release|Any CPU.ActiveCfg = Release|Any CPU
		{73177312-292B-42F0-ABFD-CE5B85DF8610}.Release|Any CPU.Build.0 = Release|Any CPU
	EndGlobalSection
EndGlobal
